
Microsoft Visual Studio Solution File, Format Version 12.00
# Visual Studio Version 16
VisualStudioVersion = 16.0.31229.75
MinimumVisualStudioVersion = 10.0.40219.1
Project("{FAE04EC0-301F-11D3-BF4B-00C04F79EFBC}") = "RMAP_tolmach", "RMAP_tolmach\RMAP_tolmach.csproj", "{38B97D0B-9D4C-4577-904B-CB0CBD8EEB32}"
EndProject
Global
	GlobalSection(SolutionConfigurationPlatforms) = preSolution
		Debug|Any CPU = Debug|Any CPU
		Release|Any CPU = Release|Any CPU
	EndGlobalSection
	GlobalSection(ProjectConfigurationPlatforms) = postSolution
		{38B97D0B-9D4C-4577-904B-CB0CBD8EEB32}.Debug|Any CPU.ActiveCfg = Debug|Any CPU
		{38B97D0B-9D4C-4577-904B-CB0CBD8EEB32}.Debug|Any CPU.Build.0 = Debug|Any CPU
		{38B97D0B-9D4C-4577-904B-CB0CBD8EEB32}.Release|Any CPU.ActiveCfg = Release|Any CPU
		{38B97D0B-9D4C-4577-904B-CB0CBD8EEB32}.Release|Any CPU.Build.0 = Release|Any CPU
	EndGlobalSection
	GlobalSection(SolutionProperties) = preSolution
		HideSolutionNode = FALSE
	EndGlobalSection
	GlobalSection(ExtensibilityGlobals) = postSolution
		SolutionGuid = {9FAB3B48-A9DF-431C-AB5F-619C4E26F9E0}
	EndGlobalSection
EndGlobal
